
Microsoft Visual Studio Solution File, Format Version 12.00
# Visual Studio 15
VisualStudioVersion = 15.0.28307.572
MinimumVisualStudioVersion = 10.0.40219.1
Project("{FAE04EC0-301F-11D3-BF4B-00C04F79EFBC}") = "KeystoneDotNet45WebFormsSample", "KeystoneDotNet45WebFormsSample\KeystoneDotNet45WebFormsSample.csproj", "{2AD7EC2C-45F6-4BA9-99B7-9D4B5F27BDEA}"
EndProject
Global
	GlobalSection(SolutionConfigurationPlatforms) = preSolution
		Debug|Any CPU = Debug|Any CPU
		Release|Any CPU = Release|Any CPU
	EndGlobalSection
	GlobalSection(ProjectConfigurationPlatforms) = postSolution
		{2AD7EC2C-45F6-4BA9-99B7-9D4B5F27BDEA}.Debug|Any CPU.ActiveCfg = Debug|Any CPU
		{2AD7EC2C-45F6-4BA9-99B7-9D4B5F27BDEA}.Debug|Any CPU.Build.0 = Debug|Any CPU
		{2AD7EC2C-45F6-4BA9-99B7-9D4B5F27BDEA}.Release|Any CPU.ActiveCfg = Release|Any CPU
		{2AD7EC2C-45F6-4BA9-99B7-9D4B5F27BDEA}.Release|Any CPU.Build.0 = Release|Any CPU
	EndGlobalSection
	GlobalSection(SolutionProperties) = preSolution
		HideSolutionNode = FALSE
	EndGlobalSection
	GlobalSection(ExtensibilityGlobals) = postSolution
		SolutionGuid = {A53F124B-1B0F-476A-9DB7-F1D165A89FCA}
	EndGlobalSection
EndGlobal
